PODS:
  - Kingfisher (6.3.1)
  - YHToolKit (0.1.1):
    - YHToolKit/YHForm (= 0.1.1)
    - YHToolKit/YHKit (= 0.1.1)
  - YHToolKit/YHForm (0.1.1)
  - YHToolKit/YHKit (0.1.1):
    - Kingfisher

DEPENDENCIES:
  - YHToolKit (from `../`)

SPEC REPOS:
  trunk:
    - Kingfisher

EXTERNAL SOURCES:
  YHToolKit:
    :path: "../"

SPEC CHECKSUMS:
  Kingfisher: 016c8b653a35add51dd34a3aba36b580041acc74
  YHToolKit: 6a77ebbb8484c17b66fb746801577910ed6d1e1b

PODFILE CHECKSUM: 488d86745c9d85d570f21f677d362a78c23683c7

COCOAPODS: 1.11.3
